// !$*UTF8*$!
{
	archiveVersion = 1;
	classes = {
	};
	objectVersion = 46;
	objects = {

/* Begin PBXBuildFile section */
		1BE3467D1D10724B005A502E /* FISMovieObjectDataStore.m in Sources */ = {isa = PBXBuildFile; fileRef = 1BE3467C1D10724B005A502E /* FISMovieObjectDataStore.m */; };
		2B0390C91CE127660060EAB8 /* FISOMDBClient.m in Sources */ = {isa = PBXBuildFile; fileRef = 2B0390C81CE127660060EAB8 /* FISOMDBClient.m */; };
		2B05ED3D1D17BADC00FD37A5 /* FISMovie.m in Sources */ = {isa = PBXBuildFile; fileRef = 2B05ED3C1D17BADC00FD37A5 /* FISMovie.m */; };
		2B0DE60B1D2EB787003609C1 /* FavoriteMovieProject.xcdatamodeld in Sources */ = {isa = PBXBuildFile; fileRef = 2B0DE6091D2EB787003609C1 /* FavoriteMovieProject.xcdatamodeld */; };
		2B79BB9B1D18B5EE0025759A /* main.m in Sources */ = {isa = PBXBuildFile; fileRef = 2B98CAF01CD8010200F2781C /* main.m */; };
		2B79BB9C1D18B68E0025759A /* FISFavoritesTableViewController.m in Sources */ = {isa = PBXBuildFile; fileRef = 2B98CB101CD8048300F2781C /* FISFavoritesTableViewController.m */; };
		2B79BB9D1D18B6980025759A /* FISCollectionViewController.m in Sources */ = {isa = PBXBuildFile; fileRef = 2B98CB0D1CD803A700F2781C /* FISCollectionViewController.m */; };
		2B79BBA31D1B36460025759A /* FISDetailViewController.m in Sources */ = {isa = PBXBuildFile; fileRef = 2B79BBA21D1B36460025759A /* FISDetailViewController.m */; };
		2B98CAF41CD8010200F2781C /* FISAppDelegate.m in Sources */ = {isa = PBXBuildFile; fileRef = 2B98CAF31CD8010200F2781C /* FISAppDelegate.m */; };
		2B98CAFA1CD8010200F2781C /* Main.storyboard in Resources */ = {isa = PBXBuildFile; fileRef = 2B98CAF81CD8010200F2781C /* Main.storyboard */; };
		2B98CAFF1CD8010200F2781C /* Assets.xcassets in Resources */ = {isa = PBXBuildFile; fileRef = 2B98CAFE1CD8010200F2781C /* Assets.xcassets */; };
		2B98CB021CD8010200F2781C /* LaunchScreen.storyboard in Resources */ = {isa = PBXBuildFile; fileRef = 2B98CB001CD8010200F2781C /* LaunchScreen.storyboard */; };
		2BF4CAD01D3EA677006B1079 /* DetailMovieObject+CoreDataProperties.m in Sources */ = {isa = PBXBuildFile; fileRef = 2BF4CACD1D3EA677006B1079 /* DetailMovieObject+CoreDataProperties.m */; };
		2BF4CAD11D3EA677006B1079 /* DetailMovieObject.m in Sources */ = {isa = PBXBuildFile; fileRef = 2BF4CACF1D3EA677006B1079 /* DetailMovieObject.m */; };
		2BF4CAD71D3EBCAF006B1079 /* FISMovieDetailViewController.m in Sources */ = {isa = PBXBuildFile; fileRef = 2BF4CAD61D3EBCAF006B1079 /* FISMovieDetailViewController.m */; };
		60B20F281DA3C287BE17B562 /* libPods-favoriteMovieProject.a in Frameworks */ = {isa = PBXBuildFile; fileRef = 82EF284756F8B859ADC1BB41 /* libPods-favoriteMovieProject.a */; settings = {ATTRIBUTES = (Required, ); }; };
/* End PBXBuildFile section */

/* Begin PBXFileReference section */
		1BE3467B1D10724B005A502E /* FISMovieObjectDataStore.h */ = {isa = PBXFileReference; fileEncoding = 4; lastKnownFileType = sourcecode.c.h; path = FISMovieObjectDataStore.h; sourceTree = "<group>"; };
		1BE3467C1D10724B005A502E /* FISMovieObjectDataStore.m */ = {isa = PBXFileReference; fileEncoding = 4; lastKnownFileType = sourcecode.c.objc; path = FISMovieObjectDataStore.m; sourceTree = "<group>"; };
		2B0390C71CE127660060EAB8 /* FISOMDBClient.h */ = {isa = PBXFileReference; fileEncoding = 4; lastKnownFileType = sourcecode.c.h; path = FISOMDBClient.h; sourceTree = "<group>"; };
		2B0390C81CE127660060EAB8 /* FISOMDBClient.m */ = {isa = PBXFileReference; fileEncoding = 4; lastKnownFileType = sourcecode.c.objc; path = FISOMDBClient.m; sourceTree = "<group>"; };
		2B05ED3B1D17BADC00FD37A5 /* FISMovie.h */ = {isa = PBXFileReference; fileEncoding = 4; lastKnownFileType = sourcecode.c.h; path = FISMovie.h; sourceTree = "<group>"; };
		2B05ED3C1D17BADC00FD37A5 /* FISMovie.m */ = {isa = PBXFileReference; fileEncoding = 4; lastKnownFileType = sourcecode.c.objc; path = FISMovie.m; sourceTree = "<group>"; };
		2B0DE60A1D2EB787003609C1 /* FavoriteMovieProject.xcdatamodel */ = {isa = PBXFileReference; lastKnownFileType = wrapper.xcdatamodel; path = FavoriteMovieProject.xcdatamodel; sourceTree = "<group>"; };
		2B79BBA11D1B36460025759A /* FISDetailViewController.h */ = {isa = PBXFileReference; fileEncoding = 4; lastKnownFileType = sourcecode.c.h; path = FISDetailViewController.h; sourceTree = "<group>"; };
		2B79BBA21D1B36460025759A /* FISDetailViewController.m */ = {isa = PBXFileReference; fileEncoding = 4; lastKnownFileType = sourcecode.c.objc; path = FISDetailViewController.m; sourceTree = "<group>"; };
		2B98CAEC1CD8010200F2781C /* favoriteMovieProject.app */ = {isa = PBXFileReference; explicitFileType = wrapper.application; includeInIndex = 0; path = favoriteMovieProject.app; sourceTree = BUILT_PRODUCTS_DIR; };
		2B98CAF01CD8010200F2781C /* main.m */ = {isa = PBXFileReference; lastKnownFileType = sourcecode.c.objc; path = main.m; sourceTree = "<group>"; };
		2B98CAF21CD8010200F2781C /* FISAppDelegate.h */ = {isa = PBXFileReference; lastKnownFileType = sourcecode.c.h; path = FISAppDelegate.h; sourceTree = "<group>"; };
		2B98CAF31CD8010200F2781C /* FISAppDelegate.m */ = {isa = PBXFileReference; lastKnownFileType = sourcecode.c.objc; path = FISAppDelegate.m; sourceTree = "<group>"; };
		2B98CAF91CD8010200F2781C /* Base */ = {isa = PBXFileReference; lastKnownFileType = file.storyboard; name = Base; path = Base.lproj/Main.storyboard; sourceTree = "<group>"; };
		2B98CAFE1CD8010200F2781C /* Assets.xcassets */ = {isa = PBXFileReference; lastKnownFileType = folder.assetcatalog; path = Assets.xcassets; sourceTree = "<group>"; };
		2B98CB011CD8010200F2781C /* Base */ = {isa = PBXFileReference; lastKnownFileType = file.storyboard; name = Base; path = Base.lproj/LaunchScreen.storyboard; sourceTree = "<group>"; };
		2B98CB031CD8010200F2781C /* Info.plist */ = {isa = PBXFileReference; lastKnownFileType = text.plist.xml; path = Info.plist; sourceTree = "<group>"; };
		2B98CB0C1CD803A700F2781C /* FISCollectionViewController.h */ = {isa = PBXFileReference; fileEncoding = 4; lastKnownFileType = sourcecode.c.h; path = FISCollectionViewController.h; sourceTree = "<group>"; };
		2B98CB0D1CD803A700F2781C /* FISCollectionViewController.m */ = {isa = PBXFileReference; fileEncoding = 4; lastKnownFileType = sourcecode.c.objc; path = FISCollectionViewController.m; sourceTree = "<group>"; };
		2B98CB0F1CD8048300F2781C /* FISFavoritesTableViewController.h */ = {isa = PBXFileReference; fileEncoding = 4; lastKnownFileType = sourcecode.c.h; path = FISFavoritesTableViewController.h; sourceTree = "<group>"; };
		2B98CB101CD8048300F2781C /* FISFavoritesTableViewController.m */ = {isa = PBXFileReference; fileEncoding = 4; lastKnownFileType = sourcecode.c.objc; path = FISFavoritesTableViewController.m; sourceTree = "<group>"; };
		2BF4CACC1D3EA677006B1079 /* DetailMovieObject+CoreDataProperties.h */ = {isa = PBXFileReference; fileEncoding = 4; lastKnownFileType = sourcecode.c.h; path = "DetailMovieObject+CoreDataProperties.h"; sourceTree = "<group>"; };
		2BF4CACD1D3EA677006B1079 /* DetailMovieObject+CoreDataProperties.m */ = {isa = PBXFileReference; fileEncoding = 4; lastKnownFileType = sourcecode.c.objc; path = "DetailMovieObject+CoreDataProperties.m"; sourceTree = "<group>"; };
		2BF4CACE1D3EA677006B1079 /* DetailMovieObject.h */ = {isa = PBXFileReference; fileEncoding = 4; lastKnownFileType = sourcecode.c.h; path = DetailMovieObject.h; sourceTree = "<group>"; };
		2BF4CACF1D3EA677006B1079 /* DetailMovieObject.m */ = {isa = PBXFileReference; fileEncoding = 4; lastKnownFileType = sourcecode.c.objc; path = DetailMovieObject.m; sourceTree = "<group>"; };
		2BF4CAD51D3EBCAF006B1079 /* FISMovieDetailViewController.h */ = {isa = PBXFileReference; fileEncoding = 4; lastKnownFileType = sourcecode.c.h; path = FISMovieDetailViewController.h; sourceTree = "<group>"; };
		2BF4CAD61D3EBCAF006B1079 /* FISMovieDetailViewController.m */ = {isa = PBXFileReference; fileEncoding = 4; lastKnownFileType = sourcecode.c.objc; path = FISMovieDetailViewController.m; sourceTree = "<group>"; };
		52E8ECAB67B56A20CDAC67E3 /* Pods-favoriteMovieProject.release.xcconfig */ = {isa = PBXFileReference; includeInIndex = 1; lastKnownFileType = text.xcconfig; name = "Pods-favoriteMovieProject.release.xcconfig"; path = "Pods/Target Support Files/Pods-favoriteMovieProject/Pods-favoriteMovieProject.release.xcconfig"; sourceTree = "<group>"; };
		82EF284756F8B859ADC1BB41 /* libPods-favoriteMovieProject.a */ = {isa = PBXFileReference; explicitFileType = archive.ar; includeInIndex = 0; path = "libPods-favoriteMovieProject.a"; sourceTree = BUILT_PRODUCTS_DIR; };
		A2D0093C52B6FFC099729CBF /* Pods-favoriteMovieProject.debug.xcconfig */ = {isa = PBXFileReference; includeInIndex = 1; lastKnownFileType = text.xcconfig; name = "Pods-favoriteMovieProject.debug.xcconfig"; path = "Pods/Target Support Files/Pods-favoriteMovieProject/Pods-favoriteMovieProject.debug.xcconfig"; sourceTree = "<group>"; };
/* End PBXFileReference section */

/* Begin PBXFrameworksBuildPhase section */
		2B98CAE91CD8010200F2781C /* Frameworks */ = {
			isa = PBXFrameworksBuildPhase;
			buildActionMask = 2147483647;
			files = (
				60B20F281DA3C287BE17B562 /* libPods-favoriteMovieProject.a in Frameworks */,
			);
			runOnlyForDeploymentPostprocessing = 0;
		};
/* End PBXFrameworksBuildPhase section */

/* Begin PBXGroup section */
		2B0DE6121D2EB82A003609C1 /* Model */ = {
			isa = PBXGroup;
			children = (
				2BF4CACC1D3EA677006B1079 /* DetailMovieObject+CoreDataProperties.h */,
				2BF4CACD1D3EA677006B1079 /* DetailMovieObject+CoreDataProperties.m */,
				2BF4CACE1D3EA677006B1079 /* DetailMovieObject.h */,
				2BF4CACF1D3EA677006B1079 /* DetailMovieObject.m */,
				2B0DE6091D2EB787003609C1 /* FavoriteMovieProject.xcdatamodeld */,
			);
			name = Model;
			sourceTree = "<group>";
		};
		2B98CAE31CD8010200F2781C = {
			isa = PBXGroup;
			children = (
				2B98CAEE1CD8010200F2781C /* favoriteMovieProject */,
				2B98CAED1CD8010200F2781C /* Products */,
				AC0D8AD8BB9E710BAB46A9CF /* Pods */,
				CD47814F11A3CDD968DC24E5 /* Frameworks */,
			);
			sourceTree = "<group>";
		};
		2B98CAED1CD8010200F2781C /* Products */ = {
			isa = PBXGroup;
			children = (
				2B98CAEC1CD8010200F2781C /* favoriteMovieProject.app */,
			);
			name = Products;
			sourceTree = "<group>";
		};
		2B98CAEE1CD8010200F2781C /* favoriteMovieProject */ = {
			isa = PBXGroup;
			children = (
				2B0DE6121D2EB82A003609C1 /* Model */,
				2B05ED3B1D17BADC00FD37A5 /* FISMovie.h */,
				2B05ED3C1D17BADC00FD37A5 /* FISMovie.m */,
				2B98CAF21CD8010200F2781C /* FISAppDelegate.h */,
				2B98CAF31CD8010200F2781C /* FISAppDelegate.m */,
				2B0390C71CE127660060EAB8 /* FISOMDBClient.h */,
				2B0390C81CE127660060EAB8 /* FISOMDBClient.m */,
				1BE3467B1D10724B005A502E /* FISMovieObjectDataStore.h */,
				1BE3467C1D10724B005A502E /* FISMovieObjectDataStore.m */,
				2B98CB0C1CD803A700F2781C /* FISCollectionViewController.h */,
				2B98CB0D1CD803A700F2781C /* FISCollectionViewController.m */,
				2B79BBA11D1B36460025759A /* FISDetailViewController.h */,
				2B79BBA21D1B36460025759A /* FISDetailViewController.m */,
				2BF4CAD51D3EBCAF006B1079 /* FISMovieDetailViewController.h */,
				2BF4CAD61D3EBCAF006B1079 /* FISMovieDetailViewController.m */,
				2B98CB0F1CD8048300F2781C /* FISFavoritesTableViewController.h */,
				2B98CB101CD8048300F2781C /* FISFavoritesTableViewController.m */,
				2B98CAF81CD8010200F2781C /* Main.storyboard */,
				2B98CB001CD8010200F2781C /* LaunchScreen.storyboard */,
				2B98CAFE1CD8010200F2781C /* Assets.xcassets */,
				2B98CB031CD8010200F2781C /* Info.plist */,
				2B98CAEF1CD8010200F2781C /* Supporting Files */,
			);
			path = favoriteMovieProject;
			sourceTree = "<group>";
		};
		2B98CAEF1CD8010200F2781C /* Supporting Files */ = {
			isa = PBXGroup;
			children = (
				2B98CAF01CD8010200F2781C /* main.m */,
			);
			name = "Supporting Files";
			sourceTree = "<group>";
		};
		AC0D8AD8BB9E710BAB46A9CF /* Pods */ = {
			isa = PBXGroup;
			children = (
				A2D0093C52B6FFC099729CBF /* Pods-favoriteMovieProject.debug.xcconfig */,
				52E8ECAB67B56A20CDAC67E3 /* Pods-favoriteMovieProject.release.xcconfig */,
			);
			name = Pods;
			sourceTree = "<group>";
		};
		CD47814F11A3CDD968DC24E5 /* Frameworks */ = {
			isa = PBXGroup;
			children = (
				82EF284756F8B859ADC1BB41 /* libPods-favoriteMovieProject.a */,
			);
			name = Frameworks;
			sourceTree = "<group>";
		};
/* End PBXGroup section */

/* Begin PBXNativeTarget section */
		2B98CAEB1CD8010200F2781C /* favoriteMovieProject */ = {
			isa = PBXNativeTarget;
			buildConfigurationList = 2B98CB061CD8010200F2781C /* Build configuration list for PBXNativeTarget "favoriteMovieProject" */;
			buildPhases = (
				ACB601C05BC3A9584843490E /* Check Pods Manifest.lock */,
				2B98CAE81CD8010200F2781C /* Sources */,
				2B98CAE91CD8010200F2781C /* Frameworks */,
				2B98CAEA1CD8010200F2781C /* Resources */,
				ACC5C0D54FBC7736411C50C0 /* Embed Pods Frameworks */,
				CF70BAFF122CEC732C787658 /* Copy Pods Resources */,
			);
			buildRules = (
			);
			dependencies = (
			);
			name = favoriteMovieProject;
			productName = favoriteMovieProject;
			productReference = 2B98CAEC1CD8010200F2781C /* favoriteMovieProject.app */;
			productType = "com.apple.product-type.application";
		};
/* End PBXNativeTarget section */

/* Begin PBXProject section */
		2B98CAE41CD8010200F2781C /* Project object */ = {
			isa = PBXProject;
			attributes = {
				LastUpgradeCheck = 0730;
				ORGANIZATIONNAME = "Alicia Marisal";
				TargetAttributes = {
					2B98CAEB1CD8010200F2781C = {
						CreatedOnToolsVersion = 7.3;
					};
				};
			};
			buildConfigurationList = 2B98CAE71CD8010200F2781C /* Build configuration list for PBXProject "favoriteMovieProject" */;
			compatibilityVersion = "Xcode 3.2";
			developmentRegion = English;
			hasScannedForEncodings = 0;
			knownRegions = (
				en,
				Base,
			);
			mainGroup = 2B98CAE31CD8010200F2781C;
			productRefGroup = 2B98CAED1CD8010200F2781C /* Products */;
			projectDirPath = "";
			projectRoot = "";
			targets = (
				2B98CAEB1CD8010200F2781C /* favoriteMovieProject */,
			);
		};
/* End PBXProject section */

/* Begin PBXResourcesBuildPhase section */
		2B98CAEA1CD8010200F2781C /* Resources */ = {
			isa = PBXResourcesBuildPhase;
			buildActionMask = 2147483647;
			files = (
				2B98CB021CD8010200F2781C /* LaunchScreen.storyboard in Resources */,
				2B98CAFF1CD8010200F2781C /* Assets.xcassets in Resources */,
				2B98CAFA1CD8010200F2781C /* Main.storyboard in Resources */,
			);
			runOnlyForDeploymentPostprocessing = 0;
		};
/* End PBXResourcesBuildPhase section */

/* Begin PBXShellScriptBuildPhase section */
		ACB601C05BC3A9584843490E /* Check Pods Manifest.lock */ = {
			isa = PBXShellScriptBuildPhase;
			buildActionMask = 2147483647;
			files = (
			);
			inputPaths = (
			);
			name = "Check Pods Manifest.lock";
			outputPaths = (
			);
			runOnlyForDeploymentPostprocessing = 0;
			shellPath = /bin/sh;
			shellScript = "diff \"${PODS_ROOT}/../Podfile.lock\" \"${PODS_ROOT}/Manifest.lock\" > /dev/null\nif [[ $? != 0 ]] ; then\n    cat << EOM\nerror: The sandbox is not in sync with the Podfile.lock. Run 'pod install' or update your CocoaPods installation.\nEOM\n    exit 1\nfi\n";
			showEnvVarsInLog = 0;
		};
		ACC5C0D54FBC7736411C50C0 /* Embed Pods Frameworks */ = {
			isa = PBXShellScriptBuildPhase;
			buildActionMask = 2147483647;
			files = (
			);
			inputPaths = (
			);
			name = "Embed Pods Frameworks";
			outputPaths = (
			);
			runOnlyForDeploymentPostprocessing = 0;
			shellPath = /bin/sh;
			shellScript = "\"${SRCROOT}/Pods/Target Support Files/Pods-favoriteMovieProject/Pods-favoriteMovieProject-frameworks.sh\"\n";
			showEnvVarsInLog = 0;
		};
		CF70BAFF122CEC732C787658 /* Copy Pods Resources */ = {
			isa = PBXShellScriptBuildPhase;
			buildActionMask = 2147483647;
			files = (
			);
			inputPaths = (
			);
			name = "Copy Pods Resources";
			outputPaths = (
			);
			runOnlyForDeploymentPostprocessing = 0;
			shellPath = /bin/sh;
			shellScript = "\"${SRCROOT}/Pods/Target Support Files/Pods-favoriteMovieProject/Pods-favoriteMovieProject-resources.sh\"\n";
			showEnvVarsInLog = 0;
		};
/* End PBXShellScriptBuildPhase section */

/* Begin PBXSourcesBuildPhase section */
		2B98CAE81CD8010200F2781C /* Sources */ = {
			isa = PBXSourcesBuildPhase;
			buildActionMask = 2147483647;
			files = (
				2B79BB9B1D18B5EE0025759A /* main.m in Sources */,
				2BF4CAD71D3EBCAF006B1079 /* FISMovieDetailViewController.m in Sources */,
				1BE3467D1D10724B005A502E /* FISMovieObjectDataStore.m in Sources */,
				2B05ED3D1D17BADC00FD37A5 /* FISMovie.m in Sources */,
				2B79BB9C1D18B68E0025759A /* FISFavoritesTableViewController.m in Sources */,
				2B79BBA31D1B36460025759A /* FISDetailViewController.m in Sources */,
				2B0390C91CE127660060EAB8 /* FISOMDBClient.m in Sources */,
				2B79BB9D1D18B6980025759A /* FISCollectionViewController.m in Sources */,
				2B98CAF41CD8010200F2781C /* FISAppDelegate.m in Sources */,
				2BF4CAD01D3EA677006B1079 /* DetailMovieObject+CoreDataProperties.m in Sources */,
				2B0DE60B1D2EB787003609C1 /* FavoriteMovieProject.xcdatamodeld in Sources */,
				2BF4CAD11D3EA677006B1079 /* DetailMovieObject.m in Sources */,
			);
			runOnlyForDeploymentPostprocessing = 0;
		};
/* End PBXSourcesBuildPhase section */

/* Begin PBXVariantGroup section */
		2B98CAF81CD8010200F2781C /* Main.storyboard */ = {
			isa = PBXVariantGroup;
			children = (
				2B98CAF91CD8010200F2781C /* Base */,
			);
			name = Main.storyboard;
			sourceTree = "<group>";
		};
		2B98CB001CD8010200F2781C /* LaunchScreen.storyboard */ = {
			isa = PBXVariantGroup;
			children = (
				2B98CB011CD8010200F2781C /* Base */,
			);
			name = LaunchScreen.storyboard;
			sourceTree = "<group>";
		};
/* End PBXVariantGroup section */

/* Begin XCBuildConfiguration section */
		2B98CB041CD8010200F2781C /* Debug */ = {
			isa = XCBuildConfiguration;
			buildSettings = {
				ALWAYS_SEARCH_USER_PATHS = NO;
				CLANG_ANALYZER_NONNULL = YES;
				CLANG_CXX_LANGUAGE_STANDARD = "gnu++0x";
				CLANG_CXX_LIBRARY = "libc++";
				CLANG_ENABLE_MODULES = YES;
				CLANG_ENABLE_OBJC_ARC = YES;
				CLANG_WARN_BOOL_CONVERSION = YES;
				CLANG_WARN_CONSTANT_CONVERSION = YES;
				CLANG_WARN_DIRECT_OBJC_ISA_USAGE = YES_ERROR;
				CLANG_WARN_EMPTY_BODY = YES;
				CLANG_WARN_ENUM_CONVERSION = YES;
				CLANG_WARN_INT_CONVERSION = YES;
				CLANG_WARN_OBJC_ROOT_CLASS = YES_ERROR;
				CLANG_WARN_UNREACHABLE_CODE = YES;
				CLANG_WARN__DUPLICATE_METHOD_MATCH = YES;
				"CODE_SIGN_IDENTITY[sdk=iphoneos*]" = "iPhone Developer";
				COPY_PHASE_STRIP = NO;
				DEBUG_INFORMATION_FORMAT = dwarf;
				ENABLE_STRICT_OBJC_MSGSEND = YES;
				ENABLE_TESTABILITY = YES;
				GCC_C_LANGUAGE_STANDARD = gnu99;
				GCC_DYNAMIC_NO_PIC = NO;
				GCC_NO_COMMON_BLOCKS = YES;
				GCC_OPTIMIZATION_LEVEL = 0;
				GCC_PREPROCESSOR_DEFINITIONS = (
					"DEBUG=1",
					"$(inherited)",
				);
				GCC_WARN_64_TO_32_BIT_CONVERSION = YES;
				GCC_WARN_ABOUT_RETURN_TYPE = YES_ERROR;
				GCC_WARN_UNDECLARED_SELECTOR = YES;
				GCC_WARN_UNINITIALIZED_AUTOS = YES_AGGRESSIVE;
				GCC_WARN_UNUSED_FUNCTION = YES;
				GCC_WARN_UNUSED_VARIABLE = YES;
				IPHONEOS_DEPLOYMENT_TARGET = 9.3;
				MTL_ENABLE_DEBUG_INFO = YES;
				ONLY_ACTIVE_ARCH = YES;
				SDKROOT = iphoneos;
			};
			name = Debug;
		};
		2B98CB051CD8010200F2781C /* Release */ = {
			isa = XCBuildConfiguration;
			buildSettings = {
				ALWAYS_SEARCH_USER_PATHS = NO;
				CLANG_ANALYZER_NONNULL = YES;
				CLANG_CXX_LANGUAGE_STANDARD = "gnu++0x";
				CLANG_CXX_LIBRARY = "libc++";
				CLANG_ENABLE_MODULES = YES;
				CLANG_ENABLE_OBJC_ARC = YES;
				CLANG_WARN_BOOL_CONVERSION = YES;
				CLANG_WARN_CONSTANT_CONVERSION = YES;
				CLANG_WARN_DIRECT_OBJC_ISA_USAGE = YES_ERROR;
				CLANG_WARN_EMPTY_BODY = YES;
				CLANG_WARN_ENUM_CONVERSION = YES;
				CLANG_WARN_INT_CONVERSION = YES;
				CLANG_WARN_OBJC_ROOT_CLASS = YES_ERROR;
				CLANG_WARN_UNREACHABLE_CODE = YES;
				CLANG_WARN__DUPLICATE_METHOD_MATCH = YES;
				"CODE_SIGN_IDENTITY[sdk=iphoneos*]" = "iPhone Developer";
				COPY_PHASE_STRIP = NO;
				DEBUG_INFORMATION_FORMAT = "dwarf-with-dsym";
				ENABLE_NS_ASSERTIONS = NO;
				ENABLE_STRICT_OBJC_MSGSEND = YES;
				GCC_C_LANGUAGE_STANDARD = gnu99;
				GCC_NO_COMMON_BLOCKS = YES;
				GCC_WARN_64_TO_32_BIT_CONVERSION = YES;
				GCC_WARN_ABOUT_RETURN_TYPE = YES_ERROR;
				GCC_WARN_UNDECLARED_SELECTOR = YES;
				GCC_WARN_UNINITIALIZED_AUTOS = YES_AGGRESSIVE;
				GCC_WARN_UNUSED_FUNCTION = YES;
				GCC_WARN_UNUSED_VARIABLE = YES;
				IPHONEOS_DEPLOYMENT_TARGET = 9.3;
				MTL_ENABLE_DEBUG_INFO = NO;
				SDKROOT = iphoneos;
				VALIDATE_PRODUCT = YES;
			};
			name = Release;
		};
		2B98CB071CD8010200F2781C /* Debug */ = {
			isa = XCBuildConfiguration;
			baseConfigurationReference = A2D0093C52B6FFC099729CBF /* Pods-favoriteMovieProject.debug.xcconfig */;
			buildSettings = {
				ASSETCATALOG_COMPILER_APPICON_NAME = AppIcon;
				INFOPLIST_FILE = favoriteMovieProject/Info.plist;
				LD_RUNPATH_SEARCH_PATHS = "$(inherited) @executable_path/Frameworks";
				PRODUCT_BUNDLE_IDENTIFIER = aliApps.favoriteMovieProject;
				PRODUCT_NAME = "$(TARGET_NAME)";
			};
			name = Debug;
		};
		2B98CB081CD8010200F2781C /* Release */ = {
			isa = XCBuildConfiguration;
			baseConfigurationReference = 52E8ECAB67B56A20CDAC67E3 /* Pods-favoriteMovieProject.release.xcconfig */;
			buildSettings = {
				ASSETCATALOG_COMPILER_APPICON_NAME = AppIcon;
				INFOPLIST_FILE = favoriteMovieProject/Info.plist;
				LD_RUNPATH_SEARCH_PATHS = "$(inherited) @executable_path/Frameworks";
				PRODUCT_BUNDLE_IDENTIFIER = aliApps.favoriteMovieProject;
				PRODUCT_NAME = "$(TARGET_NAME)";
			};
			name = Release;
		};
/* End XCBuildConfiguration section */

/* Begin XCConfigurationList section */
		2B98CAE71CD8010200F2781C /* Build configuration list for PBXProject "favoriteMovieProject" */ = {
			isa = XCConfigurationList;
			buildConfigurations = (
				2B98CB041CD8010200F2781C /* Debug */,
				2B98CB051CD8010200F2781C /* Release */,
			);
			defaultConfigurationIsVisible = 0;
			defaultConfigurationName = Release;
		};
		2B98CB061CD8010200F2781C /* Build configuration list for PBXNativeTarget "favoriteMovieProject" */ = {
			isa = XCConfigurationList;
			buildConfigurations = (
				2B98CB071CD8010200F2781C /* Debug */,
				2B98CB081CD8010200F2781C /* Release */,
			);
			defaultConfigurationIsVisible = 0;
			defaultConfigurationName = Release;
		};
/* End XCConfigurationList section */

/* Begin XCVersionGroup section */
		2B0DE6091D2EB787003609C1 /* FavoriteMovieProject.xcdatamodeld */ = {
			isa = XCVersionGroup;
			children = (
				2B0DE60A1D2EB787003609C1 /* FavoriteMovieProject.xcdatamodel */,
			);
			currentVersion = 2B0DE60A1D2EB787003609C1 /* FavoriteMovieProject.xcdatamodel */;
			path = FavoriteMovieProject.xcdatamodeld;
			sourceTree = "<group>";
			versionGroupType = wrapper.xcdatamodel;
		};
/* End XCVersionGroup section */
	};
	rootObject = 2B98CAE41CD8010200F2781C /* Project object */;
}
